
Microsoft Visual Studio Solution File, Format Version 12.00
# Visual Studio Version 17
VisualStudioVersion = 17.0.31903.59
MinimumVisualStudioVersion = 10.0.40219.1
Project("{9A19103F-16F7-4668-BE54-9A1E7A4F7556}") = "Middleware", "Middleware\Middleware.csproj", "{CA99A20B-799A-4DF3-98A7-FBC31A6F3627}"
EndProject
Project("{9A19103F-16F7-4668-BE54-9A1E7A4F7556}") = "API", "API\API.csproj", "{C327926C-D7A7-419B-A0D8-79556FE46110}"
EndProject
Global
	GlobalSection(SolutionConfigurationPlatforms) = preSolution
		Development|x64 = Development|x64
		Production|x64 = Production|x64
		Testing|x64 = Testing|x64
	EndGlobalSection
	GlobalSection(ProjectConfigurationPlatforms) = postSolution
		{CA99A20B-799A-4DF3-98A7-FBC31A6F3627}.Development|x64.ActiveCfg = Debug|x64
		{CA99A20B-799A-4DF3-98A7-FBC31A6F3627}.Development|x64.Build.0 = Debug|x64
		{CA99A20B-799A-4DF3-98A7-FBC31A6F3627}.Production|x64.ActiveCfg = Release|x64
		{CA99A20B-799A-4DF3-98A7-FBC31A6F3627}.Production|x64.Build.0 = Release|x64
		{CA99A20B-799A-4DF3-98A7-FBC31A6F3627}.Testing|x64.ActiveCfg = Testing|x64
		{CA99A20B-799A-4DF3-98A7-FBC31A6F3627}.Testing|x64.Build.0 = Testing|x64
		{C327926C-D7A7-419B-A0D8-79556FE46110}.Development|x64.ActiveCfg = Debug|x64
		{C327926C-D7A7-419B-A0D8-79556FE46110}.Development|x64.Build.0 = Debug|x64
		{C327926C-D7A7-419B-A0D8-79556FE46110}.Production|x64.ActiveCfg = Release|x64
		{C327926C-D7A7-419B-A0D8-79556FE46110}.Production|x64.Build.0 = Release|x64
		{C327926C-D7A7-419B-A0D8-79556FE46110}.Testing|x64.ActiveCfg = Testing|x64
		{C327926C-D7A7-419B-A0D8-79556FE46110}.Testing|x64.Build.0 = Testing|x64
	EndGlobalSection
	GlobalSection(SolutionProperties) = preSolution
		HideSolutionNode = FALSE
	EndGlobalSection
	GlobalSection(ExtensibilityGlobals) = postSolution
		SolutionGuid = {15FC65EA-7321-46D7-96BD-36C7EE55D6E3}
	EndGlobalSection
EndGlobal
