
Microsoft Visual Studio Solution File, Format Version 12.00
# Visual Studio Version 17
VisualStudioVersion = 17.0.31903.59
MinimumVisualStudioVersion = 10.0.40219.1
Project("{9A19103F-16F7-4668-BE54-9A1E7A4F7556}") = "Middleware", "Middleware\Middleware.csproj", "{CA99A20B-799A-4DF3-98A7-FBC31A6F3627}"
EndProject
Project("{9A19103F-16F7-4668-BE54-9A1E7A4F7556}") = "API", "API\API.csproj", "{C327926C-D7A7-419B-A0D8-79556FE46110}"
EndProject
Project("{9A19103F-16F7-4668-BE54-9A1E7A4F7556}") = "AppConfiguration", "AppConfiguration\AppConfiguration.csproj", "{CA1F80A7-5FFE-4CDB-93DC-0F933B403649}"
EndProject
Project("{FAE04EC0-301F-11D3-BF4B-00C04F79EFBC}") = "XunitTest", "XunitTest\XunitTest.csproj", "{67FCA646-19A3-49A9-A93E-3B82CC2E3ED0}"
EndProject
Project("{FAE04EC0-301F-11D3-BF4B-00C04F79EFBC}") = "InterfaceProject", "InterfaceProject\InterfaceProject.csproj", "{C202A3E1-B8A0-4C26-AC66-DCC2C0F9797D}"
EndProject
Global
	GlobalSection(SolutionConfigurationPlatforms) = preSolution
		Debug|Any CPU = Debug|Any CPU
		Debug|x64 = Debug|x64
		Development|Any CPU = Development|Any CPU
		Development|x64 = Development|x64
		Production|Any CPU = Production|Any CPU
		Production|x64 = Production|x64
		Release|Any CPU = Release|Any CPU
		Release|x64 = Release|x64
		Testing|Any CPU = Testing|Any CPU
		Testing|x64 = Testing|x64
	EndGlobalSection
	GlobalSection(ProjectConfigurationPlatforms) = postSolution
		{CA99A20B-799A-4DF3-98A7-FBC31A6F3627}.Debug|Any CPU.ActiveCfg = Debug|Any CPU
		{CA99A20B-799A-4DF3-98A7-FBC31A6F3627}.Debug|Any CPU.Build.0 = Debug|Any CPU
		{CA99A20B-799A-4DF3-98A7-FBC31A6F3627}.Debug|x64.ActiveCfg = Debug|x64
		{CA99A20B-799A-4DF3-98A7-FBC31A6F3627}.Debug|x64.Build.0 = Debug|x64
		{CA99A20B-799A-4DF3-98A7-FBC31A6F3627}.Development|Any CPU.ActiveCfg = Debug|Any CPU
		{CA99A20B-799A-4DF3-98A7-FBC31A6F3627}.Development|Any CPU.Build.0 = Debug|Any CPU
		{CA99A20B-799A-4DF3-98A7-FBC31A6F3627}.Development|x64.ActiveCfg = Debug|x64
		{CA99A20B-799A-4DF3-98A7-FBC31A6F3627}.Development|x64.Build.0 = Debug|x64
		{CA99A20B-799A-4DF3-98A7-FBC31A6F3627}.Production|Any CPU.ActiveCfg = Debug|Any CPU
		{CA99A20B-799A-4DF3-98A7-FBC31A6F3627}.Production|Any CPU.Build.0 = Debug|Any CPU
		{CA99A20B-799A-4DF3-98A7-FBC31A6F3627}.Production|x64.ActiveCfg = Release|x64
		{CA99A20B-799A-4DF3-98A7-FBC31A6F3627}.Production|x64.Build.0 = Release|x64
		{CA99A20B-799A-4DF3-98A7-FBC31A6F3627}.Release|Any CPU.ActiveCfg = Release|Any CPU
		{CA99A20B-799A-4DF3-98A7-FBC31A6F3627}.Release|Any CPU.Build.0 = Release|Any CPU
		{CA99A20B-799A-4DF3-98A7-FBC31A6F3627}.Release|x64.ActiveCfg = Release|x64
		{CA99A20B-799A-4DF3-98A7-FBC31A6F3627}.Release|x64.Build.0 = Release|x64
		{CA99A20B-799A-4DF3-98A7-FBC31A6F3627}.Testing|Any CPU.ActiveCfg = Testing|Any CPU
		{CA99A20B-799A-4DF3-98A7-FBC31A6F3627}.Testing|Any CPU.Build.0 = Testing|Any CPU
		{CA99A20B-799A-4DF3-98A7-FBC31A6F3627}.Testing|x64.ActiveCfg = Testing|x64
		{CA99A20B-799A-4DF3-98A7-FBC31A6F3627}.Testing|x64.Build.0 = Testing|x64
		{C327926C-D7A7-419B-A0D8-79556FE46110}.Debug|Any CPU.ActiveCfg = Debug|Any CPU
		{C327926C-D7A7-419B-A0D8-79556FE46110}.Debug|Any CPU.Build.0 = Debug|Any CPU
		{C327926C-D7A7-419B-A0D8-79556FE46110}.Debug|x64.ActiveCfg = Debug|x64
		{C327926C-D7A7-419B-A0D8-79556FE46110}.Debug|x64.Build.0 = Debug|x64
		{C327926C-D7A7-419B-A0D8-79556FE46110}.Development|Any CPU.ActiveCfg = Debug|Any CPU
		{C327926C-D7A7-419B-A0D8-79556FE46110}.Development|Any CPU.Build.0 = Debug|Any CPU
		{C327926C-D7A7-419B-A0D8-79556FE46110}.Development|x64.ActiveCfg = Debug|x64
		{C327926C-D7A7-419B-A0D8-79556FE46110}.Development|x64.Build.0 = Debug|x64
		{C327926C-D7A7-419B-A0D8-79556FE46110}.Production|Any CPU.ActiveCfg = Debug|Any CPU
		{C327926C-D7A7-419B-A0D8-79556FE46110}.Production|Any CPU.Build.0 = Debug|Any CPU
		{C327926C-D7A7-419B-A0D8-79556FE46110}.Production|x64.ActiveCfg = Release|x64
		{C327926C-D7A7-419B-A0D8-79556FE46110}.Production|x64.Build.0 = Release|x64
		{C327926C-D7A7-419B-A0D8-79556FE46110}.Release|Any CPU.ActiveCfg = Release|Any CPU
		{C327926C-D7A7-419B-A0D8-79556FE46110}.Release|Any CPU.Build.0 = Release|Any CPU
		{C327926C-D7A7-419B-A0D8-79556FE46110}.Release|x64.ActiveCfg = Release|x64
		{C327926C-D7A7-419B-A0D8-79556FE46110}.Release|x64.Build.0 = Release|x64
		{C327926C-D7A7-419B-A0D8-79556FE46110}.Testing|Any CPU.ActiveCfg = Testing|Any CPU
		{C327926C-D7A7-419B-A0D8-79556FE46110}.Testing|Any CPU.Build.0 = Testing|Any CPU
		{C327926C-D7A7-419B-A0D8-79556FE46110}.Testing|x64.ActiveCfg = Testing|x64
		{C327926C-D7A7-419B-A0D8-79556FE46110}.Testing|x64.Build.0 = Testing|x64
		{CA1F80A7-5FFE-4CDB-93DC-0F933B403649}.Debug|Any CPU.ActiveCfg = Debug|Any CPU
		{CA1F80A7-5FFE-4CDB-93DC-0F933B403649}.Debug|Any CPU.Build.0 = Debug|Any CPU
		{CA1F80A7-5FFE-4CDB-93DC-0F933B403649}.Debug|x64.ActiveCfg = Debug|Any CPU
		{CA1F80A7-5FFE-4CDB-93DC-0F933B403649}.Debug|x64.Build.0 = Debug|Any CPU
		{CA1F80A7-5FFE-4CDB-93DC-0F933B403649}.Development|Any CPU.ActiveCfg = Debug|Any CPU
		{CA1F80A7-5FFE-4CDB-93DC-0F933B403649}.Development|Any CPU.Build.0 = Debug|Any CPU
		{CA1F80A7-5FFE-4CDB-93DC-0F933B403649}.Development|x64.ActiveCfg = Debug|Any CPU
		{CA1F80A7-5FFE-4CDB-93DC-0F933B403649}.Development|x64.Build.0 = Debug|Any CPU
		{CA1F80A7-5FFE-4CDB-93DC-0F933B403649}.Production|Any CPU.ActiveCfg = Debug|Any CPU
		{CA1F80A7-5FFE-4CDB-93DC-0F933B403649}.Production|Any CPU.Build.0 = Debug|Any CPU
		{CA1F80A7-5FFE-4CDB-93DC-0F933B403649}.Production|x64.ActiveCfg = Debug|Any CPU
		{CA1F80A7-5FFE-4CDB-93DC-0F933B403649}.Production|x64.Build.0 = Debug|Any CPU
		{CA1F80A7-5FFE-4CDB-93DC-0F933B403649}.Release|Any CPU.ActiveCfg = Release|Any CPU
		{CA1F80A7-5FFE-4CDB-93DC-0F933B403649}.Release|Any CPU.Build.0 = Release|Any CPU
		{CA1F80A7-5FFE-4CDB-93DC-0F933B403649}.Release|x64.ActiveCfg = Release|Any CPU
		{CA1F80A7-5FFE-4CDB-93DC-0F933B403649}.Release|x64.Build.0 = Release|Any CPU
		{CA1F80A7-5FFE-4CDB-93DC-0F933B403649}.Testing|Any CPU.ActiveCfg = Debug|Any CPU
		{CA1F80A7-5FFE-4CDB-93DC-0F933B403649}.Testing|Any CPU.Build.0 = Debug|Any CPU
		{CA1F80A7-5FFE-4CDB-93DC-0F933B403649}.Testing|x64.ActiveCfg = Debug|Any CPU
		{CA1F80A7-5FFE-4CDB-93DC-0F933B403649}.Testing|x64.Build.0 = Debug|Any CPU
		{67FCA646-19A3-49A9-A93E-3B82CC2E3ED0}.Debug|Any CPU.ActiveCfg = Debug|Any CPU
		{67FCA646-19A3-49A9-A93E-3B82CC2E3ED0}.Debug|Any CPU.Build.0 = Debug|Any CPU
		{67FCA646-19A3-49A9-A93E-3B82CC2E3ED0}.Debug|x64.ActiveCfg = Debug|Any CPU
		{67FCA646-19A3-49A9-A93E-3B82CC2E3ED0}.Debug|x64.Build.0 = Debug|Any CPU
		{67FCA646-19A3-49A9-A93E-3B82CC2E3ED0}.Development|Any CPU.ActiveCfg = Debug|Any CPU
		{67FCA646-19A3-49A9-A93E-3B82CC2E3ED0}.Development|Any CPU.Build.0 = Debug|Any CPU
		{67FCA646-19A3-49A9-A93E-3B82CC2E3ED0}.Development|x64.ActiveCfg = Debug|Any CPU
		{67FCA646-19A3-49A9-A93E-3B82CC2E3ED0}.Development|x64.Build.0 = Debug|Any CPU
		{67FCA646-19A3-49A9-A93E-3B82CC2E3ED0}.Production|Any CPU.ActiveCfg = Debug|Any CPU
		{67FCA646-19A3-49A9-A93E-3B82CC2E3ED0}.Production|Any CPU.Build.0 = Debug|Any CPU
		{67FCA646-19A3-49A9-A93E-3B82CC2E3ED0}.Production|x64.ActiveCfg = Debug|Any CPU
		{67FCA646-19A3-49A9-A93E-3B82CC2E3ED0}.Production|x64.Build.0 = Debug|Any CPU
		{67FCA646-19A3-49A9-A93E-3B82CC2E3ED0}.Release|Any CPU.ActiveCfg = Release|Any CPU
		{67FCA646-19A3-49A9-A93E-3B82CC2E3ED0}.Release|Any CPU.Build.0 = Release|Any CPU
		{67FCA646-19A3-49A9-A93E-3B82CC2E3ED0}.Release|x64.ActiveCfg = Release|Any CPU
		{67FCA646-19A3-49A9-A93E-3B82CC2E3ED0}.Release|x64.Build.0 = Release|Any CPU
		{67FCA646-19A3-49A9-A93E-3B82CC2E3ED0}.Testing|Any CPU.ActiveCfg = Debug|Any CPU
		{67FCA646-19A3-49A9-A93E-3B82CC2E3ED0}.Testing|Any CPU.Build.0 = Debug|Any CPU
		{67FCA646-19A3-49A9-A93E-3B82CC2E3ED0}.Testing|x64.ActiveCfg = Debug|Any CPU
		{67FCA646-19A3-49A9-A93E-3B82CC2E3ED0}.Testing|x64.Build.0 = Debug|Any CPU
		{C202A3E1-B8A0-4C26-AC66-DCC2C0F9797D}.Debug|Any CPU.ActiveCfg = Debug|Any CPU
		{C202A3E1-B8A0-4C26-AC66-DCC2C0F9797D}.Debug|Any CPU.Build.0 = Debug|Any CPU
		{C202A3E1-B8A0-4C26-AC66-DCC2C0F9797D}.Debug|x64.ActiveCfg = Debug|Any CPU
		{C202A3E1-B8A0-4C26-AC66-DCC2C0F9797D}.Debug|x64.Build.0 = Debug|Any CPU
		{C202A3E1-B8A0-4C26-AC66-DCC2C0F9797D}.Development|Any CPU.ActiveCfg = Debug|Any CPU
		{C202A3E1-B8A0-4C26-AC66-DCC2C0F9797D}.Development|Any CPU.Build.0 = Debug|Any CPU
		{C202A3E1-B8A0-4C26-AC66-DCC2C0F9797D}.Development|x64.ActiveCfg = Debug|Any CPU
		{C202A3E1-B8A0-4C26-AC66-DCC2C0F9797D}.Development|x64.Build.0 = Debug|Any CPU
		{C202A3E1-B8A0-4C26-AC66-DCC2C0F9797D}.Production|Any CPU.ActiveCfg = Debug|Any CPU
		{C202A3E1-B8A0-4C26-AC66-DCC2C0F9797D}.Production|Any CPU.Build.0 = Debug|Any CPU
		{C202A3E1-B8A0-4C26-AC66-DCC2C0F9797D}.Production|x64.ActiveCfg = Debug|Any CPU
		{C202A3E1-B8A0-4C26-AC66-DCC2C0F9797D}.Production|x64.Build.0 = Debug|Any CPU
		{C202A3E1-B8A0-4C26-AC66-DCC2C0F9797D}.Release|Any CPU.ActiveCfg = Release|Any CPU
		{C202A3E1-B8A0-4C26-AC66-DCC2C0F9797D}.Release|Any CPU.Build.0 = Release|Any CPU
		{C202A3E1-B8A0-4C26-AC66-DCC2C0F9797D}.Release|x64.ActiveCfg = Release|Any CPU
		{C202A3E1-B8A0-4C26-AC66-DCC2C0F9797D}.Release|x64.Build.0 = Release|Any CPU
		{C202A3E1-B8A0-4C26-AC66-DCC2C0F9797D}.Testing|Any CPU.ActiveCfg = Debug|Any CPU
		{C202A3E1-B8A0-4C26-AC66-DCC2C0F9797D}.Testing|Any CPU.Build.0 = Debug|Any CPU
		{C202A3E1-B8A0-4C26-AC66-DCC2C0F9797D}.Testing|x64.ActiveCfg = Debug|Any CPU
		{C202A3E1-B8A0-4C26-AC66-DCC2C0F9797D}.Testing|x64.Build.0 = Debug|Any CPU
	EndGlobalSection
	GlobalSection(SolutionProperties) = preSolution
		HideSolutionNode = FALSE
	EndGlobalSection
	GlobalSection(ExtensibilityGlobals) = postSolution
		SolutionGuid = {15FC65EA-7321-46D7-96BD-36C7EE55D6E3}
	EndGlobalSection
EndGlobal
