
Microsoft Visual Studio Solution File, Format Version 12.00
# Visual Studio Version 17
VisualStudioVersion = 17.0.31903.59
MinimumVisualStudioVersion = 10.0.40219.1
Project("{FAE04EC0-301F-11D3-BF4B-00C04F79EFBC}") = "Middleware", "Middleware\Middleware.csproj", "{CA99A20B-799A-4DF3-98A7-FBC31A6F3627}"
EndProject
Project("{FAE04EC0-301F-11D3-BF4B-00C04F79EFBC}") = "API", "API\API.csproj", "{C327926C-D7A7-419B-A0D8-79556FE46110}"
EndProject
Project("{FAE04EC0-301F-11D3-BF4B-00C04F79EFBC}") = "Models", "Models\Models.csproj", "{5D1EF06B-F8D1-4831-87DA-A64FB1CF6CBA}"
EndProject
Global
	GlobalSection(SolutionConfigurationPlatforms) = preSolution
		Debug|Any CPU = Debug|Any CPU
		Release|Any CPU = Release|Any CPU
	EndGlobalSection
	GlobalSection(SolutionProperties) = preSolution
		HideSolutionNode = FALSE
	EndGlobalSection
	GlobalSection(ProjectConfigurationPlatforms) = postSolution
		{CA99A20B-799A-4DF3-98A7-FBC31A6F3627}.Debug|Any CPU.ActiveCfg = Debug|Any CPU
		{CA99A20B-799A-4DF3-98A7-FBC31A6F3627}.Debug|Any CPU.Build.0 = Debug|Any CPU
		{CA99A20B-799A-4DF3-98A7-FBC31A6F3627}.Release|Any CPU.ActiveCfg = Release|Any CPU
		{CA99A20B-799A-4DF3-98A7-FBC31A6F3627}.Release|Any CPU.Build.0 = Release|Any CPU
		{C327926C-D7A7-419B-A0D8-79556FE46110}.Debug|Any CPU.ActiveCfg = Debug|Any CPU
		{C327926C-D7A7-419B-A0D8-79556FE46110}.Debug|Any CPU.Build.0 = Debug|Any CPU
		{C327926C-D7A7-419B-A0D8-79556FE46110}.Release|Any CPU.ActiveCfg = Release|Any CPU
		{C327926C-D7A7-419B-A0D8-79556FE46110}.Release|Any CPU.Build.0 = Release|Any CPU
		{5D1EF06B-F8D1-4831-87DA-A64FB1CF6CBA}.Debug|Any CPU.ActiveCfg = Debug|Any CPU
		{5D1EF06B-F8D1-4831-87DA-A64FB1CF6CBA}.Debug|Any CPU.Build.0 = Debug|Any CPU
		{5D1EF06B-F8D1-4831-87DA-A64FB1CF6CBA}.Release|Any CPU.ActiveCfg = Release|Any CPU
		{5D1EF06B-F8D1-4831-87DA-A64FB1CF6CBA}.Release|Any CPU.Build.0 = Release|Any CPU
	EndGlobalSection
EndGlobal
